// !$*UTF8*$!
{
	archiveVersion = 1;
	classes = {
	};
	objectVersion = 48;
	objects = {

/* Begin PBXBuildFile section */
		F5B29CC720DA5F3300BFFD2A /* Profile.png in Resources */ = {isa = PBXBuildFile; fileRef = F5B29CC620DA5F3300BFFD2A /* Profile.png */; };
		F5C4F2C620D9315B00F0D457 /* AppDelegate.swift in Sources */ = {isa = PBXBuildFile; fileRef = F5C4F2C520D9315B00F0D457 /* AppDelegate.swift */; };
		F5C4F2CB20D9315B00F0D457 /* Main.storyboard in Resources */ = {isa = PBXBuildFile; fileRef = F5C4F2C920D9315B00F0D457 /* Main.storyboard */; };
		F5C4F2CE20D9315B00F0D457 /* ContactWithCoreDataSample.xcdatamodeld in Sources */ = {isa = PBXBuildFile; fileRef = F5C4F2CC20D9315B00F0D457 /* ContactWithCoreDataSample.xcdatamodeld */; };
		F5C4F2D020D9315C00F0D457 /* Assets.xcassets in Resources */ = {isa = PBXBuildFile; fileRef = F5C4F2CF20D9315C00F0D457 /* Assets.xcassets */; };
		F5C4F2D320D9315C00F0D457 /* LaunchScreen.storyboard in Resources */ = {isa = PBXBuildFile; fileRef = F5C4F2D120D9315C00F0D457 /* LaunchScreen.storyboard */; };
		F5C4F2DE20D9315C00F0D457 /* ContactWithCoreDataSampleTests.swift in Sources */ = {isa = PBXBuildFile; fileRef = F5C4F2DD20D9315C00F0D457 /* ContactWithCoreDataSampleTests.swift */; };
		F5C4F2E920D9315C00F0D457 /* ContactWithCoreDataSampleUITests.swift in Sources */ = {isa = PBXBuildFile; fileRef = F5C4F2E820D9315C00F0D457 /* ContactWithCoreDataSampleUITests.swift */; };
		F5C4F2FE20D9317E00F0D457 /* AddContactViewController.swift in Sources */ = {isa = PBXBuildFile; fileRef = F5C4F2F720D9317E00F0D457 /* AddContactViewController.swift */; };
		F5C4F2FF20D9317E00F0D457 /* appConfigration.swift in Sources */ = {isa = PBXBuildFile; fileRef = F5C4F2F820D9317E00F0D457 /* appConfigration.swift */; };
		F5C4F30020D9317E00F0D457 /* ContactDetailViewController.swift in Sources */ = {isa = PBXBuildFile; fileRef = F5C4F2FA20D9317E00F0D457 /* ContactDetailViewController.swift */; };
		F5C4F30120D9317E00F0D457 /* ContactListViewController.swift in Sources */ = {isa = PBXBuildFile; fileRef = F5C4F2FC20D9317E00F0D457 /* ContactListViewController.swift */; };
		F5C4F30220D9317E00F0D457 /* CoreDataHandler.swift in Sources */ = {isa = PBXBuildFile; fileRef = F5C4F2FD20D9317E00F0D457 /* CoreDataHandler.swift */; };
/* End PBXBuildFile section */

/* Begin PBXContainerItemProxy section */
		F5C4F2DA20D9315C00F0D457 /* PBXContainerItemProxy */ = {
			isa = PBXContainerItemProxy;
			containerPortal = F5C4F2BA20D9315B00F0D457 /* Project object */;
			proxyType = 1;
			remoteGlobalIDString = F5C4F2C120D9315B00F0D457;
			remoteInfo = ContactWithCoreDataSample;
		};
		F5C4F2E520D9315C00F0D457 /* PBXContainerItemProxy */ = {
			isa = PBXContainerItemProxy;
			containerPortal = F5C4F2BA20D9315B00F0D457 /* Project object */;
			proxyType = 1;
			remoteGlobalIDString = F5C4F2C120D9315B00F0D457;
			remoteInfo = ContactWithCoreDataSample;
		};
/* End PBXContainerItemProxy section */

/* Begin PBXFileReference section */
		F5B29CC620DA5F3300BFFD2A /* Profile.png */ = {isa = PBXFileReference; lastKnownFileType = image.png; path = Profile.png; sourceTree = "<group>"; };
		F5C4F2C220D9315B00F0D457 /* ContactWithCoreDataSample.app */ = {isa = PBXFileReference; explicitFileType = wrapper.application; includeInIndex = 0; path = ContactWithCoreDataSample.app; sourceTree = BUILT_PRODUCTS_DIR; };
		F5C4F2C520D9315B00F0D457 /* AppDelegate.swift */ = {isa = PBXFileReference; lastKnownFileType = sourcecode.swift; path = AppDelegate.swift; sourceTree = "<group>"; };
		F5C4F2CA20D9315B00F0D457 /* Base */ = {isa = PBXFileReference; lastKnownFileType = file.storyboard; name = Base; path = Base.lproj/Main.storyboard; sourceTree = "<group>"; };
		F5C4F2CD20D9315B00F0D457 /* ContactWithCoreDataSample.xcdatamodel */ = {isa = PBXFileReference; lastKnownFileType = wrapper.xcdatamodel; path = ContactWithCoreDataSample.xcdatamodel; sourceTree = "<group>"; };
		F5C4F2CF20D9315C00F0D457 /* Assets.xcassets */ = {isa = PBXFileReference; lastKnownFileType = folder.assetcatalog; path = Assets.xcassets; sourceTree = "<group>"; };
		F5C4F2D220D9315C00F0D457 /* Base */ = {isa = PBXFileReference; lastKnownFileType = file.storyboard; name = Base; path = Base.lproj/LaunchScreen.storyboard; sourceTree = "<group>"; };
		F5C4F2D420D9315C00F0D457 /* Info.plist */ = {isa = PBXFileReference; lastKnownFileType = text.plist.xml; path = Info.plist; sourceTree = "<group>"; };
		F5C4F2D920D9315C00F0D457 /* ContactWithCoreDataSampleTests.xctest */ = {isa = PBXFileReference; explicitFileType = wrapper.cfbundle; includeInIndex = 0; path = ContactWithCoreDataSampleTests.xctest; sourceTree = BUILT_PRODUCTS_DIR; };
		F5C4F2DD20D9315C00F0D457 /* ContactWithCoreDataSampleTests.swift */ = {isa = PBXFileReference; lastKnownFileType = sourcecode.swift; path = ContactWithCoreDataSampleTests.swift; sourceTree = "<group>"; };
		F5C4F2DF20D9315C00F0D457 /* Info.plist */ = {isa = PBXFileReference; lastKnownFileType = text.plist.xml; path = Info.plist; sourceTree = "<group>"; };
		F5C4F2E420D9315C00F0D457 /* ContactWithCoreDataSampleUITests.xctest */ = {isa = PBXFileReference; explicitFileType = wrapper.cfbundle; includeInIndex = 0; path = ContactWithCoreDataSampleUITests.xctest; sourceTree = BUILT_PRODUCTS_DIR; };
		F5C4F2E820D9315C00F0D457 /* ContactWithCoreDataSampleUITests.swift */ = {isa = PBXFileReference; lastKnownFileType = sourcecode.swift; path = ContactWithCoreDataSampleUITests.swift; sourceTree = "<group>"; };
		F5C4F2EA20D9315C00F0D457 /* Info.plist */ = {isa = PBXFileReference; lastKnownFileType = text.plist.xml; path = Info.plist; sourceTree = "<group>"; };
		F5C4F2F720D9317E00F0D457 /* AddContactViewController.swift */ = {isa = PBXFileReference; fileEncoding = 4; lastKnownFileType = sourcecode.swift; path = AddContactViewController.swift; sourceTree = "<group>"; };
		F5C4F2F820D9317E00F0D457 /* appConfigration.swift */ = {isa = PBXFileReference; fileEncoding = 4; lastKnownFileType = sourcecode.swift; path = appConfigration.swift; sourceTree = "<group>"; };
		F5C4F2FA20D9317E00F0D457 /* ContactDetailViewController.swift */ = {isa = PBXFileReference; fileEncoding = 4; lastKnownFileType = sourcecode.swift; path = ContactDetailViewController.swift; sourceTree = "<group>"; };
		F5C4F2FC20D9317E00F0D457 /* ContactListViewController.swift */ = {isa = PBXFileReference; fileEncoding = 4; lastKnownFileType = sourcecode.swift; path = ContactListViewController.swift; sourceTree = "<group>"; };
		F5C4F2FD20D9317E00F0D457 /* CoreDataHandler.swift */ = {isa = PBXFileReference; fileEncoding = 4; lastKnownFileType = sourcecode.swift; path = CoreDataHandler.swift; sourceTree = "<group>"; };
/* End PBXFileReference section */

/* Begin PBXFrameworksBuildPhase section */
		F5C4F2BF20D9315B00F0D457 /* Frameworks */ = {
			isa = PBXFrameworksBuildPhase;
			buildActionMask = 2147483647;
			files = (
			);
			runOnlyForDeploymentPostprocessing = 0;
		};
		F5C4F2D620D9315C00F0D457 /* Frameworks */ = {
			isa = PBXFrameworksBuildPhase;
			buildActionMask = 2147483647;
			files = (
			);
			runOnlyForDeploymentPostprocessing = 0;
		};
		F5C4F2E120D9315C00F0D457 /* Frameworks */ = {
			isa = PBXFrameworksBuildPhase;
			buildActionMask = 2147483647;
			files = (
			);
			runOnlyForDeploymentPostprocessing = 0;
		};
/* End PBXFrameworksBuildPhase section */

/* Begin PBXGroup section */
		F5C4F2B920D9315B00F0D457 = {
			isa = PBXGroup;
			children = (
				F5C4F2C420D9315B00F0D457 /* ContactWithCoreDataSample */,
				F5C4F2DC20D9315C00F0D457 /* ContactWithCoreDataSampleTests */,
				F5C4F2E720D9315C00F0D457 /* ContactWithCoreDataSampleUITests */,
				F5C4F2C320D9315B00F0D457 /* Products */,
			);
			sourceTree = "<group>";
		};
		F5C4F2C320D9315B00F0D457 /* Products */ = {
			isa = PBXGroup;
			children = (
				F5C4F2C220D9315B00F0D457 /* ContactWithCoreDataSample.app */,
				F5C4F2D920D9315C00F0D457 /* ContactWithCoreDataSampleTests.xctest */,
				F5C4F2E420D9315C00F0D457 /* ContactWithCoreDataSampleUITests.xctest */,
			);
			name = Products;
			sourceTree = "<group>";
		};
		F5C4F2C420D9315B00F0D457 /* ContactWithCoreDataSample */ = {
			isa = PBXGroup;
			children = (
				F5C4F2C520D9315B00F0D457 /* AppDelegate.swift */,
				F5C4F2F820D9317E00F0D457 /* appConfigration.swift */,
				F5C4F2FD20D9317E00F0D457 /* CoreDataHandler.swift */,
				F5C4F2F620D9317E00F0D457 /* Add contact */,
				F5C4F2F920D9317E00F0D457 /* Contact details */,
				F5C4F2FB20D9317E00F0D457 /* Contact list */,
				F5C4F2C920D9315B00F0D457 /* Main.storyboard */,
				F5C4F2CF20D9315C00F0D457 /* Assets.xcassets */,
				F5B29CC620DA5F3300BFFD2A /* Profile.png */,
				F5C4F2D120D9315C00F0D457 /* LaunchScreen.storyboard */,
				F5C4F2D420D9315C00F0D457 /* Info.plist */,
				F5C4F2CC20D9315B00F0D457 /* ContactWithCoreDataSample.xcdatamodeld */,
			);
			path = ContactWithCoreDataSample;
			sourceTree = "<group>";
		};
		F5C4F2DC20D9315C00F0D457 /* ContactWithCoreDataSampleTests */ = {
			isa = PBXGroup;
			children = (
				F5C4F2DD20D9315C00F0D457 /* ContactWithCoreDataSampleTests.swift */,
				F5C4F2DF20D9315C00F0D457 /* Info.plist */,
			);
			path = ContactWithCoreDataSampleTests;
			sourceTree = "<group>";
		};
		F5C4F2E720D9315C00F0D457 /* ContactWithCoreDataSampleUITests */ = {
			isa = PBXGroup;
			children = (
				F5C4F2E820D9315C00F0D457 /* ContactWithCoreDataSampleUITests.swift */,
				F5C4F2EA20D9315C00F0D457 /* Info.plist */,
			);
			path = ContactWithCoreDataSampleUITests;
			sourceTree = "<group>";
		};
		F5C4F2F620D9317E00F0D457 /* Add contact */ = {
			isa = PBXGroup;
			children = (
				F5C4F2F720D9317E00F0D457 /* AddContactViewController.swift */,
			);
			path = "Add contact";
			sourceTree = "<group>";
		};
		F5C4F2F920D9317E00F0D457 /* Contact details */ = {
			isa = PBXGroup;
			children = (
				F5C4F2FA20D9317E00F0D457 /* ContactDetailViewController.swift */,
			);
			path = "Contact details";
			sourceTree = "<group>";
		};
		F5C4F2FB20D9317E00F0D457 /* Contact list */ = {
			isa = PBXGroup;
			children = (
				F5C4F2FC20D9317E00F0D457 /* ContactListViewController.swift */,
			);
			path = "Contact list";
			sourceTree = "<group>";
		};
/* End PBXGroup section */

/* Begin PBXNativeTarget section */
		F5C4F2C120D9315B00F0D457 /* ContactWithCoreDataSample */ = {
			isa = PBXNativeTarget;
			buildConfigurationList = F5C4F2ED20D9315C00F0D457 /* Build configuration list for PBXNativeTarget "ContactWithCoreDataSample" */;
			buildPhases = (
				F5C4F2BE20D9315B00F0D457 /* Sources */,
				F5C4F2BF20D9315B00F0D457 /* Frameworks */,
				F5C4F2C020D9315B00F0D457 /* Resources */,
			);
			buildRules = (
			);
			dependencies = (
			);
			name = ContactWithCoreDataSample;
			productName = ContactWithCoreDataSample;
			productReference = F5C4F2C220D9315B00F0D457 /* ContactWithCoreDataSample.app */;
			productType = "com.apple.product-type.application";
		};
		F5C4F2D820D9315C00F0D457 /* ContactWithCoreDataSampleTests */ = {
			isa = PBXNativeTarget;
			buildConfigurationList = F5C4F2F020D9315C00F0D457 /* Build configuration list for PBXNativeTarget "ContactWithCoreDataSampleTests" */;
			buildPhases = (
				F5C4F2D520D9315C00F0D457 /* Sources */,
				F5C4F2D620D9315C00F0D457 /* Frameworks */,
				F5C4F2D720D9315C00F0D457 /* Resources */,
			);
			buildRules = (
			);
			dependencies = (
				F5C4F2DB20D9315C00F0D457 /* PBXTargetDependency */,
			);
			name = ContactWithCoreDataSampleTests;
			productName = ContactWithCoreDataSampleTests;
			productReference = F5C4F2D920D9315C00F0D457 /* ContactWithCoreDataSampleTests.xctest */;
			productType = "com.apple.product-type.bundle.unit-test";
		};
		F5C4F2E320D9315C00F0D457 /* ContactWithCoreDataSampleUITests */ = {
			isa = PBXNativeTarget;
			buildConfigurationList = F5C4F2F320D9315C00F0D457 /* Build configuration list for PBXNativeTarget "ContactWithCoreDataSampleUITests" */;
			buildPhases = (
				F5C4F2E020D9315C00F0D457 /* Sources */,
				F5C4F2E120D9315C00F0D457 /* Frameworks */,
				F5C4F2E220D9315C00F0D457 /* Resources */,
			);
			buildRules = (
			);
			dependencies = (
				F5C4F2E620D9315C00F0D457 /* PBXTargetDependency */,
			);
			name = ContactWithCoreDataSampleUITests;
			productName = ContactWithCoreDataSampleUITests;
			productReference = F5C4F2E420D9315C00F0D457 /* ContactWithCoreDataSampleUITests.xctest */;
			productType = "com.apple.product-type.bundle.ui-testing";
		};
/* End PBXNativeTarget section */

/* Begin PBXProject section */
		F5C4F2BA20D9315B00F0D457 /* Project object */ = {
			isa = PBXProject;
			attributes = {
				LastSwiftUpdateCheck = 0920;
				LastUpgradeCheck = 0920;
				ORGANIZATIONNAME = sachin;
				TargetAttributes = {
					F5C4F2C120D9315B00F0D457 = {
						CreatedOnToolsVersion = 9.2;
						ProvisioningStyle = Automatic;
					};
					F5C4F2D820D9315C00F0D457 = {
						CreatedOnToolsVersion = 9.2;
						ProvisioningStyle = Automatic;
						TestTargetID = F5C4F2C120D9315B00F0D457;
					};
					F5C4F2E320D9315C00F0D457 = {
						CreatedOnToolsVersion = 9.2;
						ProvisioningStyle = Automatic;
						TestTargetID = F5C4F2C120D9315B00F0D457;
					};
				};
			};
			buildConfigurationList = F5C4F2BD20D9315B00F0D457 /* Build configuration list for PBXProject "ContactWithCoreDataSample" */;
			compatibilityVersion = "Xcode 8.0";
			developmentRegion = en;
			hasScannedForEncodings = 0;
			knownRegions = (
				en,
				Base,
			);
			mainGroup = F5C4F2B920D9315B00F0D457;
			productRefGroup = F5C4F2C320D9315B00F0D457 /* Products */;
			projectDirPath = "";
			projectRoot = "";
			targets = (
				F5C4F2C120D9315B00F0D457 /* ContactWithCoreDataSample */,
				F5C4F2D820D9315C00F0D457 /* ContactWithCoreDataSampleTests */,
				F5C4F2E320D9315C00F0D457 /* ContactWithCoreDataSampleUITests */,
			);
		};
/* End PBXProject section */

/* Begin PBXResourcesBuildPhase section */
		F5C4F2C020D9315B00F0D457 /* Resources */ = {
			isa = PBXResourcesBuildPhase;
			buildActionMask = 2147483647;
			files = (
				F5C4F2D320D9315C00F0D457 /* LaunchScreen.storyboard in Resources */,
				F5C4F2D020D9315C00F0D457 /* Assets.xcassets in Resources */,
				F5C4F2CB20D9315B00F0D457 /* Main.storyboard in Resources */,
				F5B29CC720DA5F3300BFFD2A /* Profile.png in Resources */,
			);
			runOnlyForDeploymentPostprocessing = 0;
		};
		F5C4F2D720D9315C00F0D457 /* Resources */ = {
			isa = PBXResourcesBuildPhase;
			buildActionMask = 2147483647;
			files = (
			);
			runOnlyForDeploymentPostprocessing = 0;
		};
		F5C4F2E220D9315C00F0D457 /* Resources */ = {
			isa = PBXResourcesBuildPhase;
			buildActionMask = 2147483647;
			files = (
			);
			runOnlyForDeploymentPostprocessing = 0;
		};
/* End PBXResourcesBuildPhase section */

/* Begin PBXSourcesBuildPhase section */
		F5C4F2BE20D9315B00F0D457 /* Sources */ = {
			isa = PBXSourcesBuildPhase;
			buildActionMask = 2147483647;
			files = (
				F5C4F2FF20D9317E00F0D457 /* appConfigration.swift in Sources */,
				F5C4F30220D9317E00F0D457 /* CoreDataHandler.swift in Sources */,
				F5C4F2CE20D9315B00F0D457 /* ContactWithCoreDataSample.xcdatamodeld in Sources */,
				F5C4F2FE20D9317E00F0D457 /* AddContactViewController.swift in Sources */,
				F5C4F30020D9317E00F0D457 /* ContactDetailViewController.swift in Sources */,
				F5C4F30120D9317E00F0D457 /* ContactListViewController.swift in Sources */,
				F5C4F2C620D9315B00F0D457 /* AppDelegate.swift in Sources */,
			);
			runOnlyForDeploymentPostprocessing = 0;
		};
		F5C4F2D520D9315C00F0D457 /* Sources */ = {
			isa = PBXSourcesBuildPhase;
			buildActionMask = 2147483647;
			files = (
				F5C4F2DE20D9315C00F0D457 /* ContactWithCoreDataSampleTests.swift in Sources */,
			);
			runOnlyForDeploymentPostprocessing = 0;
		};
		F5C4F2E020D9315C00F0D457 /* Sources */ = {
			isa = PBXSourcesBuildPhase;
			buildActionMask = 2147483647;
			files = (
				F5C4F2E920D9315C00F0D457 /* ContactWithCoreDataSampleUITests.swift in Sources */,
			);
			runOnlyForDeploymentPostprocessing = 0;
		};
/* End PBXSourcesBuildPhase section */

/* Begin PBXTargetDependency section */
		F5C4F2DB20D9315C00F0D457 /* PBXTargetDependency */ = {
			isa = PBXTargetDependency;
			target = F5C4F2C120D9315B00F0D457 /* ContactWithCoreDataSample */;
			targetProxy = F5C4F2DA20D9315C00F0D457 /* PBXContainerItemProxy */;
		};
		F5C4F2E620D9315C00F0D457 /* PBXTargetDependency */ = {
			isa = PBXTargetDependency;
			target = F5C4F2C120D9315B00F0D457 /* ContactWithCoreDataSample */;
			targetProxy = F5C4F2E520D9315C00F0D457 /* PBXContainerItemProxy */;
		};
/* End PBXTargetDependency section */

/* Begin PBXVariantGroup section */
		F5C4F2C920D9315B00F0D457 /* Main.storyboard */ = {
			isa = PBXVariantGroup;
			children = (
				F5C4F2CA20D9315B00F0D457 /* Base */,
			);
			name = Main.storyboard;
			sourceTree = "<group>";
		};
		F5C4F2D120D9315C00F0D457 /* LaunchScreen.storyboard */ = {
			isa = PBXVariantGroup;
			children = (
				F5C4F2D220D9315C00F0D457 /* Base */,
			);
			name = LaunchScreen.storyboard;
			sourceTree = "<group>";
		};
/* End PBXVariantGroup section */

/* Begin XCBuildConfiguration section */
		F5C4F2EB20D9315C00F0D457 /* Debug */ = {
			isa = XCBuildConfiguration;
			buildSettings = {
				ALWAYS_SEARCH_USER_PATHS = NO;
				CLANG_ANALYZER_NONNULL = YES;
				CLANG_ANALYZER_NUMBER_OBJECT_CONVERSION = YES_AGGRESSIVE;
				CLANG_CXX_LANGUAGE_STANDARD = "gnu++14";
				CLANG_CXX_LIBRARY = "libc++";
				CLANG_ENABLE_MODULES = YES;
				CLANG_ENABLE_OBJC_ARC = YES;
				CLANG_WARN_BLOCK_CAPTURE_AUTORELEASING = YES;
				CLANG_WARN_BOOL_CONVERSION = YES;
				CLANG_WARN_COMMA = YES;
				CLANG_WARN_CONSTANT_CONVERSION = YES;
				CLANG_WARN_DIRECT_OBJC_ISA_USAGE = YES_ERROR;
				CLANG_WARN_DOCUMENTATION_COMMENTS = YES;
				CLANG_WARN_EMPTY_BODY = YES;
				CLANG_WARN_ENUM_CONVERSION = YES;
				CLANG_WARN_INFINITE_RECURSION = YES;
				CLANG_WARN_INT_CONVERSION = YES;
				CLANG_WARN_NON_LITERAL_NULL_CONVERSION = YES;
				CLANG_WARN_OBJC_LITERAL_CONVERSION = YES;
				CLANG_WARN_OBJC_ROOT_CLASS = YES_ERROR;
				CLANG_WARN_RANGE_LOOP_ANALYSIS = YES;
				CLANG_WARN_STRICT_PROTOTYPES = YES;
				CLANG_WARN_SUSPICIOUS_MOVE = YES;
				CLANG_WARN_UNGUARDED_AVAILABILITY = YES_AGGRESSIVE;
				CLANG_WARN_UNREACHABLE_CODE = YES;
				CLANG_WARN__DUPLICATE_METHOD_MATCH = YES;
				CODE_SIGN_IDENTITY = "iPhone Developer";
				COPY_PHASE_STRIP = NO;
				DEBUG_INFORMATION_FORMAT = dwarf;
				ENABLE_STRICT_OBJC_MSGSEND = YES;
				ENABLE_TESTABILITY = YES;
				GCC_C_LANGUAGE_STANDARD = gnu11;
				GCC_DYNAMIC_NO_PIC = NO;
				GCC_NO_COMMON_BLOCKS = YES;
				GCC_OPTIMIZATION_LEVEL = 0;
				GCC_PREPROCESSOR_DEFINITIONS = (
					"DEBUG=1",
					"$(inherited)",
				);
				GCC_WARN_64_TO_32_BIT_CONVERSION = YES;
				GCC_WARN_ABOUT_RETURN_TYPE = YES_ERROR;
				GCC_WARN_UNDECLARED_SELECTOR = YES;
				GCC_WARN_UNINITIALIZED_AUTOS = YES_AGGRESSIVE;
				GCC_WARN_UNUSED_FUNCTION = YES;
				GCC_WARN_UNUSED_VARIABLE = YES;
				IPHONEOS_DEPLOYMENT_TARGET = 11.2;
				MTL_ENABLE_DEBUG_INFO = YES;
				ONLY_ACTIVE_ARCH = YES;
				SDKROOT = iphoneos;
				SWIFT_ACTIVE_COMPILATION_CONDITIONS = DEBUG;
				SWIFT_OPTIMIZATION_LEVEL = "-Onone";
			};
			name = Debug;
		};
		F5C4F2EC20D9315C00F0D457 /* Release */ = {
			isa = XCBuildConfiguration;
			buildSettings = {
				ALWAYS_SEARCH_USER_PATHS = NO;
				CLANG_ANALYZER_NONNULL = YES;
				CLANG_ANALYZER_NUMBER_OBJECT_CONVERSION = YES_AGGRESSIVE;
				CLANG_CXX_LANGUAGE_STANDARD = "gnu++14";
				CLANG_CXX_LIBRARY = "libc++";
				CLANG_ENABLE_MODULES = YES;
				CLANG_ENABLE_OBJC_ARC = YES;
				CLANG_WARN_BLOCK_CAPTURE_AUTORELEASING = YES;
				CLANG_WARN_BOOL_CONVERSION = YES;
				CLANG_WARN_COMMA = YES;
				CLANG_WARN_CONSTANT_CONVERSION = YES;
				CLANG_WARN_DIRECT_OBJC_ISA_USAGE = YES_ERROR;
				CLANG_WARN_DOCUMENTATION_COMMENTS = YES;
				CLANG_WARN_EMPTY_BODY = YES;
				CLANG_WARN_ENUM_CONVERSION = YES;
				CLANG_WARN_INFINITE_RECURSION = YES;
				CLANG_WARN_INT_CONVERSION = YES;
				CLANG_WARN_NON_LITERAL_NULL_CONVERSION = YES;
				CLANG_WARN_OBJC_LITERAL_CONVERSION = YES;
				CLANG_WARN_OBJC_ROOT_CLASS = YES_ERROR;
				CLANG_WARN_RANGE_LOOP_ANALYSIS = YES;
				CLANG_WARN_STRICT_PROTOTYPES = YES;
				CLANG_WARN_SUSPICIOUS_MOVE = YES;
				CLANG_WARN_UNGUARDED_AVAILABILITY = YES_AGGRESSIVE;
				CLANG_WARN_UNREACHABLE_CODE = YES;
				CLANG_WARN__DUPLICATE_METHOD_MATCH = YES;
				CODE_SIGN_IDENTITY = "iPhone Developer";
				COPY_PHASE_STRIP = NO;
				DEBUG_INFORMATION_FORMAT = "dwarf-with-dsym";
				ENABLE_NS_ASSERTIONS = NO;
				ENABLE_STRICT_OBJC_MSGSEND = YES;
				GCC_C_LANGUAGE_STANDARD = gnu11;
				GCC_NO_COMMON_BLOCKS = YES;
				GCC_WARN_64_TO_32_BIT_CONVERSION = YES;
				GCC_WARN_ABOUT_RETURN_TYPE = YES_ERROR;
				GCC_WARN_UNDECLARED_SELECTOR = YES;
				GCC_WARN_UNINITIALIZED_AUTOS = YES_AGGRESSIVE;
				GCC_WARN_UNUSED_FUNCTION = YES;
				GCC_WARN_UNUSED_VARIABLE = YES;
				IPHONEOS_DEPLOYMENT_TARGET = 11.2;
				MTL_ENABLE_DEBUG_INFO = NO;
				SDKROOT = iphoneos;
				SWIFT_OPTIMIZATION_LEVEL = "-Owholemodule";
				VALIDATE_PRODUCT = YES;
			};
			name = Release;
		};
		F5C4F2EE20D9315C00F0D457 /* Debug */ = {
			isa = XCBuildConfiguration;
			buildSettings = {
				ASSETCATALOG_COMPILER_APPICON_NAME = AppIcon;
				CODE_SIGN_STYLE = Automatic;
				INFOPLIST_FILE = ContactWithCoreDataSample/Info.plist;
				LD_RUNPATH_SEARCH_PATHS = "$(inherited) @executable_path/Frameworks";
				PRODUCT_BUNDLE_IDENTIFIER = in.sachin.ContactWithCoreDataSample;
				PRODUCT_NAME = "$(TARGET_NAME)";
				SWIFT_VERSION = 4.0;
				TARGETED_DEVICE_FAMILY = "1,2";
			};
			name = Debug;
		};
		F5C4F2EF20D9315C00F0D457 /* Release */ = {
			isa = XCBuildConfiguration;
			buildSettings = {
				ASSETCATALOG_COMPILER_APPICON_NAME = AppIcon;
				CODE_SIGN_STYLE = Automatic;
				INFOPLIST_FILE = ContactWithCoreDataSample/Info.plist;
				LD_RUNPATH_SEARCH_PATHS = "$(inherited) @executable_path/Frameworks";
				PRODUCT_BUNDLE_IDENTIFIER = in.sachin.ContactWithCoreDataSample;
				PRODUCT_NAME = "$(TARGET_NAME)";
				SWIFT_VERSION = 4.0;
				TARGETED_DEVICE_FAMILY = "1,2";
			};
			name = Release;
		};
		F5C4F2F120D9315C00F0D457 /* Debug */ = {
			isa = XCBuildConfiguration;
			buildSettings = {
				ALWAYS_EMBED_SWIFT_STANDARD_LIBRARIES = YES;
				BUNDLE_LOADER = "$(TEST_HOST)";
				CODE_SIGN_STYLE = Automatic;
				INFOPLIST_FILE = ContactWithCoreDataSampleTests/Info.plist;
				LD_RUNPATH_SEARCH_PATHS = "$(inherited) @executable_path/Frameworks @loader_path/Frameworks";
				PRODUCT_BUNDLE_IDENTIFIER = in.sachin.ContactWithCoreDataSampleTests;
				PRODUCT_NAME = "$(TARGET_NAME)";
				SWIFT_VERSION = 4.0;
				TARGETED_DEVICE_FAMILY = "1,2";
				TEST_HOST = "$(BUILT_PRODUCTS_DIR)/ContactWithCoreDataSample.app/ContactWithCoreDataSample";
			};
			name = Debug;
		};
		F5C4F2F220D9315C00F0D457 /* Release */ = {
			isa = XCBuildConfiguration;
			buildSettings = {
				ALWAYS_EMBED_SWIFT_STANDARD_LIBRARIES = YES;
				BUNDLE_LOADER = "$(TEST_HOST)";
				CODE_SIGN_STYLE = Automatic;
				INFOPLIST_FILE = ContactWithCoreDataSampleTests/Info.plist;
				LD_RUNPATH_SEARCH_PATHS = "$(inherited) @executable_path/Frameworks @loader_path/Frameworks";
				PRODUCT_BUNDLE_IDENTIFIER = in.sachin.ContactWithCoreDataSampleTests;
				PRODUCT_NAME = "$(TARGET_NAME)";
				SWIFT_VERSION = 4.0;
				TARGETED_DEVICE_FAMILY = "1,2";
				TEST_HOST = "$(BUILT_PRODUCTS_DIR)/ContactWithCoreDataSample.app/ContactWithCoreDataSample";
			};
			name = Release;
		};
		F5C4F2F420D9315C00F0D457 /* Debug */ = {
			isa = XCBuildConfiguration;
			buildSettings = {
				ALWAYS_EMBED_SWIFT_STANDARD_LIBRARIES = YES;
				CODE_SIGN_STYLE = Automatic;
				INFOPLIST_FILE = ContactWithCoreDataSampleUITests/Info.plist;
				LD_RUNPATH_SEARCH_PATHS = "$(inherited) @executable_path/Frameworks @loader_path/Frameworks";
				PRODUCT_BUNDLE_IDENTIFIER = in.sachin.ContactWithCoreDataSampleUITests;
				PRODUCT_NAME = "$(TARGET_NAME)";
				SWIFT_VERSION = 4.0;
				TARGETED_DEVICE_FAMILY = "1,2";
				TEST_TARGET_NAME = ContactWithCoreDataSample;
			};
			name = Debug;
		};
		F5C4F2F520D9315C00F0D457 /* Release */ = {
			isa = XCBuildConfiguration;
			buildSettings = {
				ALWAYS_EMBED_SWIFT_STANDARD_LIBRARIES = YES;
				CODE_SIGN_STYLE = Automatic;
				INFOPLIST_FILE = ContactWithCoreDataSampleUITests/Info.plist;
				LD_RUNPATH_SEARCH_PATHS = "$(inherited) @executable_path/Frameworks @loader_path/Frameworks";
				PRODUCT_BUNDLE_IDENTIFIER = in.sachin.ContactWithCoreDataSampleUITests;
				PRODUCT_NAME = "$(TARGET_NAME)";
				SWIFT_VERSION = 4.0;
				TARGETED_DEVICE_FAMILY = "1,2";
				TEST_TARGET_NAME = ContactWithCoreDataSample;
			};
			name = Release;
		};
/* End XCBuildConfiguration section */

/* Begin XCConfigurationList section */
		F5C4F2BD20D9315B00F0D457 /* Build configuration list for PBXProject "ContactWithCoreDataSample" */ = {
			isa = XCConfigurationList;
			buildConfigurations = (
				F5C4F2EB20D9315C00F0D457 /* Debug */,
				F5C4F2EC20D9315C00F0D457 /* Release */,
			);
			defaultConfigurationIsVisible = 0;
			defaultConfigurationName = Release;
		};
		F5C4F2ED20D9315C00F0D457 /* Build configuration list for PBXNativeTarget "ContactWithCoreDataSample" */ = {
			isa = XCConfigurationList;
			buildConfigurations = (
				F5C4F2EE20D9315C00F0D457 /* Debug */,
				F5C4F2EF20D9315C00F0D457 /* Release */,
			);
			defaultConfigurationIsVisible = 0;
			defaultConfigurationName = Release;
		};
		F5C4F2F020D9315C00F0D457 /* Build configuration list for PBXNativeTarget "ContactWithCoreDataSampleTests" */ = {
			isa = XCConfigurationList;
			buildConfigurations = (
				F5C4F2F120D9315C00F0D457 /* Debug */,
				F5C4F2F220D9315C00F0D457 /* Release */,
			);
			defaultConfigurationIsVisible = 0;
			defaultConfigurationName = Release;
		};
		F5C4F2F320D9315C00F0D457 /* Build configuration list for PBXNativeTarget "ContactWithCoreDataSampleUITests" */ = {
			isa = XCConfigurationList;
			buildConfigurations = (
				F5C4F2F420D9315C00F0D457 /* Debug */,
				F5C4F2F520D9315C00F0D457 /* Release */,
			);
			defaultConfigurationIsVisible = 0;
			defaultConfigurationName = Release;
		};
/* End XCConfigurationList section */

/* Begin XCVersionGroup section */
		F5C4F2CC20D9315B00F0D457 /* ContactWithCoreDataSample.xcdatamodeld */ = {
			isa = XCVersionGroup;
			children = (
				F5C4F2CD20D9315B00F0D457 /* ContactWithCoreDataSample.xcdatamodel */,
			);
			currentVersion = F5C4F2CD20D9315B00F0D457 /* ContactWithCoreDataSample.xcdatamodel */;
			path = ContactWithCoreDataSample.xcdatamodeld;
			sourceTree = "<group>";
			versionGroupType = wrapper.xcdatamodel;
		};
/* End XCVersionGroup section */
	};
	rootObject = F5C4F2BA20D9315B00F0D457 /* Project object */;
}
